
Microsoft Visual Studio Solution File, Format Version 12.00
# Visual Studio 14
VisualStudioVersion = 14.0.23107.0
MinimumVisualStudioVersion = 10.0.40219.1
Project("{FAE04EC0-301F-11D3-BF4B-00C04F79EFBC}") = "HelloWorld", "HelloWorld\HelloWorld\HelloWorld.csproj", "{5B46B7AD-1649-4344-904D-B67CE657E68C}"
EndProject
Project("{FAE04EC0-301F-11D3-BF4B-00C04F79EFBC}") = "HelloWorld.iOS", "HelloWorld\HelloWorld.iOS\HelloWorld.iOS.csproj", "{48C05C87-FF3D-4CBC-A53A-16696C66F922}"
EndProject
Project("{FAE04EC0-301F-11D3-BF4B-00C04F79EFBC}") = "HelloWorld.Droid", "HelloWorld\HelloWorld.Droid\HelloWorld.Droid.csproj", "{C68B95DE-22DF-40DE-8674-0D69D365A910}"
EndProject
Project("{FAE04EC0-301F-11D3-BF4B-00C04F79EFBC}") = "HelloWorld.WinPhone", "HelloWorld\HelloWorld.WinPhone\HelloWorld.WinPhone.csproj", "{074DBF5B-D42D-4F00-971F-3A81CB10B722}"
EndProject
Global
	GlobalSection(SolutionConfigurationPlatforms) = preSolution
		Ad-Hoc|Any CPU = Ad-Hoc|Any CPU
		Ad-Hoc|ARM = Ad-Hoc|ARM
		Ad-Hoc|iPhone = Ad-Hoc|iPhone
		Ad-Hoc|iPhoneSimulator = Ad-Hoc|iPhoneSimulator
		Ad-Hoc|x86 = Ad-Hoc|x86
		AppStore|Any CPU = AppStore|Any CPU
		AppStore|ARM = AppStore|ARM
		AppStore|iPhone = AppStore|iPhone
		AppStore|iPhoneSimulator = AppStore|iPhoneSimulator
		AppStore|x86 = AppStore|x86
		Debug|Any CPU = Debug|Any CPU
		Debug|ARM = Debug|ARM
		Debug|iPhone = Debug|iPhone
		Debug|iPhoneSimulator = Debug|iPhoneSimulator
		Debug|x86 = Debug|x86
		Release|Any CPU = Release|Any CPU
		Release|ARM = Release|ARM
		Release|iPhone = Release|iPhone
		Release|iPhoneSimulator = Release|iPhoneSimulator
		Release|x86 = Release|x86
	EndGlobalSection
	GlobalSection(ProjectConfigurationPlatforms) = postSolution
		{5B46B7AD-1649-4344-904D-B67CE657E68C}.Ad-Hoc|Any CPU.ActiveCfg = Release|Any CPU
		{5B46B7AD-1649-4344-904D-B67CE657E68C}.Ad-Hoc|Any CPU.Build.0 = Release|Any CPU
		{5B46B7AD-1649-4344-904D-B67CE657E68C}.Ad-Hoc|ARM.ActiveCfg = Release|Any CPU
		{5B46B7AD-1649-4344-904D-B67CE657E68C}.Ad-Hoc|ARM.Build.0 = Release|Any CPU
		{5B46B7AD-1649-4344-904D-B67CE657E68C}.Ad-Hoc|iPhone.ActiveCfg = Release|Any CPU
		{5B46B7AD-1649-4344-904D-B67CE657E68C}.Ad-Hoc|iPhone.Build.0 = Release|Any CPU
		{5B46B7AD-1649-4344-904D-B67CE657E68C}.Ad-Hoc|iPhoneSimulator.ActiveCfg = Release|Any CPU
		{5B46B7AD-1649-4344-904D-B67CE657E68C}.Ad-Hoc|iPhoneSimulator.Build.0 = Release|Any CPU
		{5B46B7AD-1649-4344-904D-B67CE657E68C}.Ad-Hoc|x86.ActiveCfg = Release|Any CPU
		{5B46B7AD-1649-4344-904D-B67CE657E68C}.Ad-Hoc|x86.Build.0 = Release|Any CPU
		{5B46B7AD-1649-4344-904D-B67CE657E68C}.AppStore|Any CPU.ActiveCfg = Release|Any CPU
		{5B46B7AD-1649-4344-904D-B67CE657E68C}.AppStore|Any CPU.Build.0 = Release|Any CPU
		{5B46B7AD-1649-4344-904D-B67CE657E68C}.AppStore|ARM.ActiveCfg = Release|Any CPU
		{5B46B7AD-1649-4344-904D-B67CE657E68C}.AppStore|ARM.Build.0 = Release|Any CPU
		{5B46B7AD-1649-4344-904D-B67CE657E68C}.AppStore|iPhone.ActiveCfg = Release|Any CPU
		{5B46B7AD-1649-4344-904D-B67CE657E68C}.AppStore|iPhone.Build.0 = Release|Any CPU
		{5B46B7AD-1649-4344-904D-B67CE657E68C}.AppStore|iPhoneSimulator.ActiveCfg = Release|Any CPU
		{5B46B7AD-1649-4344-904D-B67CE657E68C}.AppStore|iPhoneSimulator.Build.0 = Release|Any CPU
		{5B46B7AD-1649-4344-904D-B67CE657E68C}.AppStore|x86.ActiveCfg = Release|Any CPU
		{5B46B7AD-1649-4344-904D-B67CE657E68C}.AppStore|x86.Build.0 = Release|Any CPU
		{5B46B7AD-1649-4344-904D-B67CE657E68C}.Debug|Any CPU.ActiveCfg = Debug|Any CPU
		{5B46B7AD-1649-4344-904D-B67CE657E68C}.Debug|Any CPU.Build.0 = Debug|Any CPU
		{5B46B7AD-1649-4344-904D-B67CE657E68C}.Debug|ARM.ActiveCfg = Debug|Any CPU
		{5B46B7AD-1649-4344-904D-B67CE657E68C}.Debug|ARM.Build.0 = Debug|Any CPU
		{5B46B7AD-1649-4344-904D-B67CE657E68C}.Debug|iPhone.ActiveCfg = Debug|Any CPU
		{5B46B7AD-1649-4344-904D-B67CE657E68C}.Debug|iPhone.Build.0 = Debug|Any CPU
		{5B46B7AD-1649-4344-904D-B67CE657E68C}.Debug|iPhoneSimulator.ActiveCfg = Debug|Any CPU
		{5B46B7AD-1649-4344-904D-B67CE657E68C}.Debug|iPhoneSimulator.Build.0 = Debug|Any CPU
		{5B46B7AD-1649-4344-904D-B67CE657E68C}.Debug|x86.ActiveCfg = Debug|Any CPU
		{5B46B7AD-1649-4344-904D-B67CE657E68C}.Debug|x86.Build.0 = Debug|Any CPU
		{5B46B7AD-1649-4344-904D-B67CE657E68C}.Release|Any CPU.ActiveCfg = Release|Any CPU
		{5B46B7AD-1649-4344-904D-B67CE657E68C}.Release|Any CPU.Build.0 = Release|Any CPU
		{5B46B7AD-1649-4344-904D-B67CE657E68C}.Release|ARM.ActiveCfg = Release|Any CPU
		{5B46B7AD-1649-4344-904D-B67CE657E68C}.Release|ARM.Build.0 = Release|Any CPU
		{5B46B7AD-1649-4344-904D-B67CE657E68C}.Release|iPhone.ActiveCfg = Release|Any CPU
		{5B46B7AD-1649-4344-904D-B67CE657E68C}.Release|iPhone.Build.0 = Release|Any CPU
		{5B46B7AD-1649-4344-904D-B67CE657E68C}.Release|iPhoneSimulator.ActiveCfg = Release|Any CPU
		{5B46B7AD-1649-4344-904D-B67CE657E68C}.Release|iPhoneSimulator.Build.0 = Release|Any CPU
		{5B46B7AD-1649-4344-904D-B67CE657E68C}.Release|x86.ActiveCfg = Release|Any CPU
		{5B46B7AD-1649-4344-904D-B67CE657E68C}.Release|x86.Build.0 = Release|Any CPU
		{48C05C87-FF3D-4CBC-A53A-16696C66F922}.Ad-Hoc|Any CPU.ActiveCfg = Ad-Hoc|iPhone
		{48C05C87-FF3D-4CBC-A53A-16696C66F922}.Ad-Hoc|ARM.ActiveCfg = Ad-Hoc|iPhone
		{48C05C87-FF3D-4CBC-A53A-16696C66F922}.Ad-Hoc|iPhone.ActiveCfg = Ad-Hoc|iPhone
		{48C05C87-FF3D-4CBC-A53A-16696C66F922}.Ad-Hoc|iPhone.Build.0 = Ad-Hoc|iPhone
		{48C05C87-FF3D-4CBC-A53A-16696C66F922}.Ad-Hoc|iPhoneSimulator.ActiveCfg = Ad-Hoc|iPhoneSimulator
		{48C05C87-FF3D-4CBC-A53A-16696C66F922}.Ad-Hoc|iPhoneSimulator.Build.0 = Ad-Hoc|iPhoneSimulator
		{48C05C87-FF3D-4CBC-A53A-16696C66F922}.Ad-Hoc|x86.ActiveCfg = Ad-Hoc|iPhone
		{48C05C87-FF3D-4CBC-A53A-16696C66F922}.AppStore|Any CPU.ActiveCfg = AppStore|iPhone
		{48C05C87-FF3D-4CBC-A53A-16696C66F922}.AppStore|ARM.ActiveCfg = AppStore|iPhone
		{48C05C87-FF3D-4CBC-A53A-16696C66F922}.AppStore|iPhone.ActiveCfg = AppStore|iPhone
		{48C05C87-FF3D-4CBC-A53A-16696C66F922}.AppStore|iPhone.Build.0 = AppStore|iPhone
		{48C05C87-FF3D-4CBC-A53A-16696C66F922}.AppStore|iPhoneSimulator.ActiveCfg = AppStore|iPhoneSimulator
		{48C05C87-FF3D-4CBC-A53A-16696C66F922}.AppStore|iPhoneSimulator.Build.0 = AppStore|iPhoneSimulator
		{48C05C87-FF3D-4CBC-A53A-16696C66F922}.AppStore|x86.ActiveCfg = AppStore|iPhone
		{48C05C87-FF3D-4CBC-A53A-16696C66F922}.Debug|Any CPU.ActiveCfg = Debug|iPhone
		{48C05C87-FF3D-4CBC-A53A-16696C66F922}.Debug|ARM.ActiveCfg = Debug|iPhone
		{48C05C87-FF3D-4CBC-A53A-16696C66F922}.Debug|iPhone.ActiveCfg = Debug|iPhone
		{48C05C87-FF3D-4CBC-A53A-16696C66F922}.Debug|iPhone.Build.0 = Debug|iPhone
		{48C05C87-FF3D-4CBC-A53A-16696C66F922}.Debug|iPhoneSimulator.ActiveCfg = Debug|iPhoneSimulator
		{48C05C87-FF3D-4CBC-A53A-16696C66F922}.Debug|iPhoneSimulator.Build.0 = Debug|iPhoneSimulator
		{48C05C87-FF3D-4CBC-A53A-16696C66F922}.Debug|x86.ActiveCfg = Debug|iPhone
		{48C05C87-FF3D-4CBC-A53A-16696C66F922}.Release|Any CPU.ActiveCfg = Release|iPhone
		{48C05C87-FF3D-4CBC-A53A-16696C66F922}.Release|ARM.ActiveCfg = Release|iPhone
		{48C05C87-FF3D-4CBC-A53A-16696C66F922}.Release|iPhone.ActiveCfg = Release|iPhone
		{48C05C87-FF3D-4CBC-A53A-16696C66F922}.Release|iPhone.Build.0 = Release|iPhone
		{48C05C87-FF3D-4CBC-A53A-16696C66F922}.Release|iPhoneSimulator.ActiveCfg = Release|iPhoneSimulator
		{48C05C87-FF3D-4CBC-A53A-16696C66F922}.Release|iPhoneSimulator.Build.0 = Release|iPhoneSimulator
		{48C05C87-FF3D-4CBC-A53A-16696C66F922}.Release|x86.ActiveCfg = Release|iPhone
		{C68B95DE-22DF-40DE-8674-0D69D365A910}.Ad-Hoc|Any CPU.ActiveCfg = Release|Any CPU
		{C68B95DE-22DF-40DE-8674-0D69D365A910}.Ad-Hoc|Any CPU.Build.0 = Release|Any CPU
		{C68B95DE-22DF-40DE-8674-0D69D365A910}.Ad-Hoc|Any CPU.Deploy.0 = Release|Any CPU
		{C68B95DE-22DF-40DE-8674-0D69D365A910}.Ad-Hoc|ARM.ActiveCfg = Release|Any CPU
		{C68B95DE-22DF-40DE-8674-0D69D365A910}.Ad-Hoc|ARM.Build.0 = Release|Any CPU
		{C68B95DE-22DF-40DE-8674-0D69D365A910}.Ad-Hoc|ARM.Deploy.0 = Release|Any CPU
		{C68B95DE-22DF-40DE-8674-0D69D365A910}.Ad-Hoc|iPhone.ActiveCfg = Release|Any CPU
		{C68B95DE-22DF-40DE-8674-0D69D365A910}.Ad-Hoc|iPhone.Build.0 = Release|Any CPU
		{C68B95DE-22DF-40DE-8674-0D69D365A910}.Ad-Hoc|iPhone.Deploy.0 = Release|Any CPU
		{C68B95DE-22DF-40DE-8674-0D69D365A910}.Ad-Hoc|iPhoneSimulator.ActiveCfg = Release|Any CPU
		{C68B95DE-22DF-40DE-8674-0D69D365A910}.Ad-Hoc|iPhoneSimulator.Build.0 = Release|Any CPU
		{C68B95DE-22DF-40DE-8674-0D69D365A910}.Ad-Hoc|iPhoneSimulator.Deploy.0 = Release|Any CPU
		{C68B95DE-22DF-40DE-8674-0D69D365A910}.Ad-Hoc|x86.ActiveCfg = Release|Any CPU
		{C68B95DE-22DF-40DE-8674-0D69D365A910}.Ad-Hoc|x86.Build.0 = Release|Any CPU
		{C68B95DE-22DF-40DE-8674-0D69D365A910}.Ad-Hoc|x86.Deploy.0 = Release|Any CPU
		{C68B95DE-22DF-40DE-8674-0D69D365A910}.AppStore|Any CPU.ActiveCfg = Release|Any CPU
		{C68B95DE-22DF-40DE-8674-0D69D365A910}.AppStore|Any CPU.Build.0 = Release|Any CPU
		{C68B95DE-22DF-40DE-8674-0D69D365A910}.AppStore|Any CPU.Deploy.0 = Release|Any CPU
		{C68B95DE-22DF-40DE-8674-0D69D365A910}.AppStore|ARM.ActiveCfg = Release|Any CPU
		{C68B95DE-22DF-40DE-8674-0D69D365A910}.AppStore|ARM.Build.0 = Release|Any CPU
		{C68B95DE-22DF-40DE-8674-0D69D365A910}.AppStore|ARM.Deploy.0 = Release|Any CPU
		{C68B95DE-22DF-40DE-8674-0D69D365A910}.AppStore|iPhone.ActiveCfg = Release|Any CPU
		{C68B95DE-22DF-40DE-8674-0D69D365A910}.AppStore|iPhone.Build.0 = Release|Any CPU
		{C68B95DE-22DF-40DE-8674-0D69D365A910}.AppStore|iPhone.Deploy.0 = Release|Any CPU
		{C68B95DE-22DF-40DE-8674-0D69D365A910}.AppStore|iPhoneSimulator.ActiveCfg = Release|Any CPU
		{C68B95DE-22DF-40DE-8674-0D69D365A910}.AppStore|iPhoneSimulator.Build.0 = Release|Any CPU
		{C68B95DE-22DF-40DE-8674-0D69D365A910}.AppStore|iPhoneSimulator.Deploy.0 = Release|Any CPU
		{C68B95DE-22DF-40DE-8674-0D69D365A910}.AppStore|x86.ActiveCfg = Release|Any CPU
		{C68B95DE-22DF-40DE-8674-0D69D365A910}.AppStore|x86.Build.0 = Release|Any CPU
		{C68B95DE-22DF-40DE-8674-0D69D365A910}.AppStore|x86.Deploy.0 = Release|Any CPU
		{C68B95DE-22DF-40DE-8674-0D69D365A910}.Debug|Any CPU.ActiveCfg = Debug|Any CPU
		{C68B95DE-22DF-40DE-8674-0D69D365A910}.Debug|Any CPU.Build.0 = Debug|Any CPU
		{C68B95DE-22DF-40DE-8674-0D69D365A910}.Debug|Any CPU.Deploy.0 = Debug|Any CPU
		{C68B95DE-22DF-40DE-8674-0D69D365A910}.Debug|ARM.ActiveCfg = Debug|Any CPU
		{C68B95DE-22DF-40DE-8674-0D69D365A910}.Debug|ARM.Build.0 = Debug|Any CPU
		{C68B95DE-22DF-40DE-8674-0D69D365A910}.Debug|ARM.Deploy.0 = Debug|Any CPU
		{C68B95DE-22DF-40DE-8674-0D69D365A910}.Debug|iPhone.ActiveCfg = Debug|Any CPU
		{C68B95DE-22DF-40DE-8674-0D69D365A910}.Debug|iPhone.Build.0 = Debug|Any CPU
		{C68B95DE-22DF-40DE-8674-0D69D365A910}.Debug|iPhone.Deploy.0 = Debug|Any CPU
		{C68B95DE-22DF-40DE-8674-0D69D365A910}.Debug|iPhoneSimulator.ActiveCfg = Debug|Any CPU
		{C68B95DE-22DF-40DE-8674-0D69D365A910}.Debug|iPhoneSimulator.Build.0 = Debug|Any CPU
		{C68B95DE-22DF-40DE-8674-0D69D365A910}.Debug|iPhoneSimulator.Deploy.0 = Debug|Any CPU
		{C68B95DE-22DF-40DE-8674-0D69D365A910}.Debug|x86.ActiveCfg = Debug|Any CPU
		{C68B95DE-22DF-40DE-8674-0D69D365A910}.Debug|x86.Build.0 = Debug|Any CPU
		{C68B95DE-22DF-40DE-8674-0D69D365A910}.Debug|x86.Deploy.0 = Debug|Any CPU
		{C68B95DE-22DF-40DE-8674-0D69D365A910}.Release|Any CPU.ActiveCfg = Release|Any CPU
		{C68B95DE-22DF-40DE-8674-0D69D365A910}.Release|Any CPU.Build.0 = Release|Any CPU
		{C68B95DE-22DF-40DE-8674-0D69D365A910}.Release|Any CPU.Deploy.0 = Release|Any CPU
		{C68B95DE-22DF-40DE-8674-0D69D365A910}.Release|ARM.ActiveCfg = Release|Any CPU
		{C68B95DE-22DF-40DE-8674-0D69D365A910}.Release|ARM.Build.0 = Release|Any CPU
		{C68B95DE-22DF-40DE-8674-0D69D365A910}.Release|ARM.Deploy.0 = Release|Any CPU
		{C68B95DE-22DF-40DE-8674-0D69D365A910}.Release|iPhone.ActiveCfg = Release|Any CPU
		{C68B95DE-22DF-40DE-8674-0D69D365A910}.Release|iPhone.Build.0 = Release|Any CPU
		{C68B95DE-22DF-40DE-8674-0D69D365A910}.Release|iPhone.Deploy.0 = Release|Any CPU
		{C68B95DE-22DF-40DE-8674-0D69D365A910}.Release|iPhoneSimulator.ActiveCfg = Release|Any CPU
		{C68B95DE-22DF-40DE-8674-0D69D365A910}.Release|iPhoneSimulator.Build.0 = Release|Any CPU
		{C68B95DE-22DF-40DE-8674-0D69D365A910}.Release|iPhoneSimulator.Deploy.0 = Release|Any CPU
		{C68B95DE-22DF-40DE-8674-0D69D365A910}.Release|x86.ActiveCfg = Release|Any CPU
		{C68B95DE-22DF-40DE-8674-0D69D365A910}.Release|x86.Build.0 = Release|Any CPU
		{C68B95DE-22DF-40DE-8674-0D69D365A910}.Release|x86.Deploy.0 = Release|Any CPU
		{074DBF5B-D42D-4F00-971F-3A81CB10B722}.Ad-Hoc|Any CPU.ActiveCfg = Release|Any CPU
		{074DBF5B-D42D-4F00-971F-3A81CB10B722}.Ad-Hoc|Any CPU.Build.0 = Release|Any CPU
		{074DBF5B-D42D-4F00-971F-3A81CB10B722}.Ad-Hoc|Any CPU.Deploy.0 = Release|Any CPU
		{074DBF5B-D42D-4F00-971F-3A81CB10B722}.Ad-Hoc|ARM.ActiveCfg = Release|ARM
		{074DBF5B-D42D-4F00-971F-3A81CB10B722}.Ad-Hoc|ARM.Build.0 = Release|ARM
		{074DBF5B-D42D-4F00-971F-3A81CB10B722}.Ad-Hoc|ARM.Deploy.0 = Release|ARM
		{074DBF5B-D42D-4F00-971F-3A81CB10B722}.Ad-Hoc|iPhone.ActiveCfg = Release|Any CPU
		{074DBF5B-D42D-4F00-971F-3A81CB10B722}.Ad-Hoc|iPhone.Build.0 = Release|Any CPU
		{074DBF5B-D42D-4F00-971F-3A81CB10B722}.Ad-Hoc|iPhone.Deploy.0 = Release|Any CPU
		{074DBF5B-D42D-4F00-971F-3A81CB10B722}.Ad-Hoc|iPhoneSimulator.ActiveCfg = Release|Any CPU
		{074DBF5B-D42D-4F00-971F-3A81CB10B722}.Ad-Hoc|iPhoneSimulator.Build.0 = Release|Any CPU
		{074DBF5B-D42D-4F00-971F-3A81CB10B722}.Ad-Hoc|iPhoneSimulator.Deploy.0 = Release|Any CPU
		{074DBF5B-D42D-4F00-971F-3A81CB10B722}.Ad-Hoc|x86.ActiveCfg = Release|x86
		{074DBF5B-D42D-4F00-971F-3A81CB10B722}.Ad-Hoc|x86.Build.0 = Release|x86
		{074DBF5B-D42D-4F00-971F-3A81CB10B722}.Ad-Hoc|x86.Deploy.0 = Release|x86
		{074DBF5B-D42D-4F00-971F-3A81CB10B722}.AppStore|Any CPU.ActiveCfg = Release|Any CPU
		{074DBF5B-D42D-4F00-971F-3A81CB10B722}.AppStore|Any CPU.Build.0 = Release|Any CPU
		{074DBF5B-D42D-4F00-971F-3A81CB10B722}.AppStore|Any CPU.Deploy.0 = Release|Any CPU
		{074DBF5B-D42D-4F00-971F-3A81CB10B722}.AppStore|ARM.ActiveCfg = Release|ARM
		{074DBF5B-D42D-4F00-971F-3A81CB10B722}.AppStore|ARM.Build.0 = Release|ARM
		{074DBF5B-D42D-4F00-971F-3A81CB10B722}.AppStore|ARM.Deploy.0 = Release|ARM
		{074DBF5B-D42D-4F00-971F-3A81CB10B722}.AppStore|iPhone.ActiveCfg = Release|Any CPU
		{074DBF5B-D42D-4F00-971F-3A81CB10B722}.AppStore|iPhone.Build.0 = Release|Any CPU
		{074DBF5B-D42D-4F00-971F-3A81CB10B722}.AppStore|iPhone.Deploy.0 = Release|Any CPU
		{074DBF5B-D42D-4F00-971F-3A81CB10B722}.AppStore|iPhoneSimulator.ActiveCfg = Release|Any CPU
		{074DBF5B-D42D-4F00-971F-3A81CB10B722}.AppStore|iPhoneSimulator.Build.0 = Release|Any CPU
		{074DBF5B-D42D-4F00-971F-3A81CB10B722}.AppStore|iPhoneSimulator.Deploy.0 = Release|Any CPU
		{074DBF5B-D42D-4F00-971F-3A81CB10B722}.AppStore|x86.ActiveCfg = Release|x86
		{074DBF5B-D42D-4F00-971F-3A81CB10B722}.AppStore|x86.Build.0 = Release|x86
		{074DBF5B-D42D-4F00-971F-3A81CB10B722}.AppStore|x86.Deploy.0 = Release|x86
		{074DBF5B-D42D-4F00-971F-3A81CB10B722}.Debug|Any CPU.ActiveCfg = Debug|Any CPU
		{074DBF5B-D42D-4F00-971F-3A81CB10B722}.Debug|Any CPU.Build.0 = Debug|Any CPU
		{074DBF5B-D42D-4F00-971F-3A81CB10B722}.Debug|Any CPU.Deploy.0 = Debug|Any CPU
		{074DBF5B-D42D-4F00-971F-3A81CB10B722}.Debug|ARM.ActiveCfg = Debug|ARM
		{074DBF5B-D42D-4F00-971F-3A81CB10B722}.Debug|ARM.Build.0 = Debug|ARM
		{074DBF5B-D42D-4F00-971F-3A81CB10B722}.Debug|ARM.Deploy.0 = Debug|ARM
		{074DBF5B-D42D-4F00-971F-3A81CB10B722}.Debug|iPhone.ActiveCfg = Debug|Any CPU
		{074DBF5B-D42D-4F00-971F-3A81CB10B722}.Debug|iPhone.Build.0 = Debug|Any CPU
		{074DBF5B-D42D-4F00-971F-3A81CB10B722}.Debug|iPhone.Deploy.0 = Debug|Any CPU
		{074DBF5B-D42D-4F00-971F-3A81CB10B722}.Debug|iPhoneSimulator.ActiveCfg = Debug|Any CPU
		{074DBF5B-D42D-4F00-971F-3A81CB10B722}.Debug|iPhoneSimulator.Build.0 = Debug|Any CPU
		{074DBF5B-D42D-4F00-971F-3A81CB10B722}.Debug|iPhoneSimulator.Deploy.0 = Debug|Any CPU
		{074DBF5B-D42D-4F00-971F-3A81CB10B722}.Debug|x86.ActiveCfg = Debug|x86
		{074DBF5B-D42D-4F00-971F-3A81CB10B722}.Debug|x86.Build.0 = Debug|x86
		{074DBF5B-D42D-4F00-971F-3A81CB10B722}.Debug|x86.Deploy.0 = Debug|x86
		{074DBF5B-D42D-4F00-971F-3A81CB10B722}.Release|Any CPU.ActiveCfg = Release|Any CPU
		{074DBF5B-D42D-4F00-971F-3A81CB10B722}.Release|Any CPU.Build.0 = Release|Any CPU
		{074DBF5B-D42D-4F00-971F-3A81CB10B722}.Release|Any CPU.Deploy.0 = Release|Any CPU
		{074DBF5B-D42D-4F00-971F-3A81CB10B722}.Release|ARM.ActiveCfg = Release|ARM
		{074DBF5B-D42D-4F00-971F-3A81CB10B722}.Release|ARM.Build.0 = Release|ARM
		{074DBF5B-D42D-4F00-971F-3A81CB10B722}.Release|ARM.Deploy.0 = Release|ARM
		{074DBF5B-D42D-4F00-971F-3A81CB10B722}.Release|iPhone.ActiveCfg = Release|Any CPU
		{074DBF5B-D42D-4F00-971F-3A81CB10B722}.Release|iPhone.Build.0 = Release|Any CPU
		{074DBF5B-D42D-4F00-971F-3A81CB10B722}.Release|iPhone.Deploy.0 = Release|Any CPU
		{074DBF5B-D42D-4F00-971F-3A81CB10B722}.Release|iPhoneSimulator.ActiveCfg = Release|Any CPU
		{074DBF5B-D42D-4F00-971F-3A81CB10B722}.Release|iPhoneSimulator.Build.0 = Release|Any CPU
		{074DBF5B-D42D-4F00-971F-3A81CB10B722}.Release|iPhoneSimulator.Deploy.0 = Release|Any CPU
		{074DBF5B-D42D-4F00-971F-3A81CB10B722}.Release|x86.ActiveCfg = Release|x86
		{074DBF5B-D42D-4F00-971F-3A81CB10B722}.Release|x86.Build.0 = Release|x86
		{074DBF5B-D42D-4F00-971F-3A81CB10B722}.Release|x86.Deploy.0 = Release|x86
	EndGlobalSection
	GlobalSection(SolutionProperties) = preSolution
		HideSolutionNode = FALSE
	EndGlobalSection
EndGlobal
